
Microsoft Visual Studio Solution File, Format Version 12.00
# Visual Studio Version 16
VisualStudioVersion = 16.0.32929.386
MinimumVisualStudioVersion = 10.0.40219.1
Project("{FAE04EC0-301F-11D3-BF4B-00C04F79EFBC}") = "ConsoleApp1", "ConsoleApp1\ConsoleApp1.csproj", "{A81E3C79-67BD-4865-94AA-EECA38374239}"
EndProject
Global
	GlobalSection(SolutionConfigurationPlatforms) = preSolution
		Debug|Any CPU = Debug|Any CPU
		Release|Any CPU = Release|Any CPU
	EndGlobalSection
	GlobalSection(ProjectConfigurationPlatforms) = postSolution
		{A81E3C79-67BD-4865-94AA-EECA38374239}.Debug|Any CPU.ActiveCfg = Debug|Any CPU
		{A81E3C79-67BD-4865-94AA-EECA38374239}.Debug|Any CPU.Build.0 = Debug|Any CPU
		{A81E3C79-67BD-4865-94AA-EECA38374239}.Release|Any CPU.ActiveCfg = Release|Any CPU
		{A81E3C79-67BD-4865-94AA-EECA38374239}.Release|Any CPU.Build.0 = Release|Any CPU
	EndGlobalSection
	GlobalSection(SolutionProperties) = preSolution
		HideSolutionNode = FALSE
	EndGlobalSection
	GlobalSection(ExtensibilityGlobals) = postSolution
		SolutionGuid = {81A7A747-01A9-4F50-8505-D8A8B71AF69E}
	EndGlobalSection
EndGlobal
