
Microsoft Visual Studio Solution File, Format Version 12.00
# Visual Studio Version 16
VisualStudioVersion = 16.0.31729.503
MinimumVisualStudioVersion = 10.0.40219.1
Project("{FAE04EC0-301F-11D3-BF4B-00C04F79EFBC}") = "KALITIM", "KALITIM\KALITIM.csproj", "{0B8DD0EC-F3CB-46E1-88CF-8552DD01A5C7}"
EndProject
Global
	GlobalSection(SolutionConfigurationPlatforms) = preSolution
		Debug|Any CPU = Debug|Any CPU
		Release|Any CPU = Release|Any CPU
	EndGlobalSection
	GlobalSection(ProjectConfigurationPlatforms) = postSolution
		{0B8DD0EC-F3CB-46E1-88CF-8552DD01A5C7}.Debug|Any CPU.ActiveCfg = Debug|Any CPU
		{0B8DD0EC-F3CB-46E1-88CF-8552DD01A5C7}.Debug|Any CPU.Build.0 = Debug|Any CPU
		{0B8DD0EC-F3CB-46E1-88CF-8552DD01A5C7}.Release|Any CPU.ActiveCfg = Release|Any CPU
		{0B8DD0EC-F3CB-46E1-88CF-8552DD01A5C7}.Release|Any CPU.Build.0 = Release|Any CPU
	EndGlobalSection
	GlobalSection(SolutionProperties) = preSolution
		HideSolutionNode = FALSE
	EndGlobalSection
	GlobalSection(ExtensibilityGlobals) = postSolution
		SolutionGuid = {CD489AA7-9E90-4874-B9AA-41BE55B1A995}
	EndGlobalSection
EndGlobal
