
Microsoft Visual Studio Solution File, Format Version 12.00
# Visual Studio Version 16
VisualStudioVersion = 16.0.31729.503
MinimumVisualStudioVersion = 10.0.40219.1
Project("{FAE04EC0-301F-11D3-BF4B-00C04F79EFBC}") = "KALITIM ORNEK", "KALITIM ORNEK\KALITIM ORNEK.csproj", "{16967160-4AAB-4551-9A5F-7A1D0306A361}"
EndProject
Global
	GlobalSection(SolutionConfigurationPlatforms) = preSolution
		Debug|Any CPU = Debug|Any CPU
		Release|Any CPU = Release|Any CPU
	EndGlobalSection
	GlobalSection(ProjectConfigurationPlatforms) = postSolution
		{16967160-4AAB-4551-9A5F-7A1D0306A361}.Debug|Any CPU.ActiveCfg = Debug|Any CPU
		{16967160-4AAB-4551-9A5F-7A1D0306A361}.Debug|Any CPU.Build.0 = Debug|Any CPU
		{16967160-4AAB-4551-9A5F-7A1D0306A361}.Release|Any CPU.ActiveCfg = Release|Any CPU
		{16967160-4AAB-4551-9A5F-7A1D0306A361}.Release|Any CPU.Build.0 = Release|Any CPU
	EndGlobalSection
	GlobalSection(SolutionProperties) = preSolution
		HideSolutionNode = FALSE
	EndGlobalSection
	GlobalSection(ExtensibilityGlobals) = postSolution
		SolutionGuid = {091E178D-3891-414A-8657-9595B66E9151}
	EndGlobalSection
EndGlobal
