
Microsoft Visual Studio Solution File, Format Version 12.00
# Visual Studio Version 16
VisualStudioVersion = 16.0.32929.386
MinimumVisualStudioVersion = 10.0.40219.1
Project("{FAE04EC0-301F-11D3-BF4B-00C04F79EFBC}") = "SinavHazilrik", "SinavHazilrik\SinavHazilrik.csproj", "{91FA8BE8-60E3-4F47-9168-111091705157}"
EndProject
Global
	GlobalSection(SolutionConfigurationPlatforms) = preSolution
		Debug|Any CPU = Debug|Any CPU
		Release|Any CPU = Release|Any CPU
	EndGlobalSection
	GlobalSection(ProjectConfigurationPlatforms) = postSolution
		{91FA8BE8-60E3-4F47-9168-111091705157}.Debug|Any CPU.ActiveCfg = Debug|Any CPU
		{91FA8BE8-60E3-4F47-9168-111091705157}.Debug|Any CPU.Build.0 = Debug|Any CPU
		{91FA8BE8-60E3-4F47-9168-111091705157}.Release|Any CPU.ActiveCfg = Release|Any CPU
		{91FA8BE8-60E3-4F47-9168-111091705157}.Release|Any CPU.Build.0 = Release|Any CPU
	EndGlobalSection
	GlobalSection(SolutionProperties) = preSolution
		HideSolutionNode = FALSE
	EndGlobalSection
	GlobalSection(ExtensibilityGlobals) = postSolution
		SolutionGuid = {8BF0E1D8-A171-4578-A1E4-2492F18A5275}
	EndGlobalSection
EndGlobal
